{
  "requires": true,
  "lockfileVersion": 1,
  "dependencies": {
    "elasticlunr": {
      "version": "0.9.5",
      "resolved": "https://registry.npmjs.org/elasticlunr/-/elasticlunr-0.9.5.tgz",
      "integrity": "sha1-ZVQbswnd3Qz5Ty0ciGGyvmUbsNU="
    },
    "enolib": {
      "version": "0.8.1",
      "resolved": "https://registry.npmjs.org/enolib/-/enolib-0.8.1.tgz",
      "integrity": "sha512-+qDmGeaQdBtw9ivjGYuz1nblOuGC5/hnAvWkwiz74dbRiPzPbyK9MOAxjemQit8dUVLOmEtuUBkIDZtIq9YPVA=="
    },
    "q": {
      "version": "1.0.1",
      "resolved": "https://registry.npmjs.org/q/-/q-1.0.1.tgz",
      "integrity": "sha1-EYcq7t7okmgRCxCnGESP+xARKhQ="
    },
    "readdir": {
      "version": "0.1.0",
      "resolved": "https://registry.npmjs.org/readdir/-/readdir-0.1.0.tgz",
      "integrity": "sha512-6ooimObbcBEgROguDY083rVL7EKMWWRYEujAld28oinI3mflpfXJVBGtFNjtRnpYFjuD2RGayOmQJnVEGPyXVQ==",
      "requires": {
        "q": "~1.0.1"
      }
    }
  }
}
